
Microsoft Visual Studio Solution File, Format Version 12.00
# Visual Studio 15
VisualStudioVersion = 15.0.28307.960
MinimumVisualStudioVersion = 10.0.40219.1
Project("{FAE04EC0-301F-11D3-BF4B-00C04F79EFBC}") = "ConsoleApp9", "ConsoleApp9\ConsoleApp9.csproj", "{64921BD9-F1D2-48BA-9FC2-A0F68D9BB2BB}"
EndProject
Global
	GlobalSection(SolutionConfigurationPlatforms) = preSolution
		Debug|Any CPU = Debug|Any CPU
		Release|Any CPU = Release|Any CPU
	EndGlobalSection
	GlobalSection(ProjectConfigurationPlatforms) = postSolution
		{64921BD9-F1D2-48BA-9FC2-A0F68D9BB2BB}.Debug|Any CPU.ActiveCfg = Debug|Any CPU
		{64921BD9-F1D2-48BA-9FC2-A0F68D9BB2BB}.Debug|Any CPU.Build.0 = Debug|Any CPU
		{64921BD9-F1D2-48BA-9FC2-A0F68D9BB2BB}.Release|Any CPU.ActiveCfg = Release|Any CPU
		{64921BD9-F1D2-48BA-9FC2-A0F68D9BB2BB}.Release|Any CPU.Build.0 = Release|Any CPU
	EndGlobalSection
	GlobalSection(SolutionProperties) = preSolution
		HideSolutionNode = FALSE
	EndGlobalSection
	GlobalSection(ExtensibilityGlobals) = postSolution
		SolutionGuid = {42C6FD94-DD4E-46BE-8949-F1D6A16F64B3}
	EndGlobalSection
EndGlobal
